
Microsoft Visual Studio Solution File, Format Version 12.00
# Visual Studio Version 16
VisualStudioVersion = 16.0.31005.135
MinimumVisualStudioVersion = 10.0.40219.1
Project("{FAE04EC0-301F-11D3-BF4B-00C04F79EFBC}") = "NotOptifine", "NotOptifine.csproj", "{B22F4CCD-08F5-4AEB-8BB3-7A1973E702A1}"
EndProject
Global
	GlobalSection(SolutionConfigurationPlatforms) = preSolution
		Debug|Any CPU = Debug|Any CPU
		Release|Any CPU = Release|Any CPU
	EndGlobalSection
	GlobalSection(ProjectConfigurationPlatforms) = postSolution
		{B22F4CCD-08F5-4AEB-8BB3-7A1973E702A1}.Debug|Any CPU.ActiveCfg = Debug|Any CPU
		{B22F4CCD-08F5-4AEB-8BB3-7A1973E702A1}.Debug|Any CPU.Build.0 = Debug|Any CPU
		{B22F4CCD-08F5-4AEB-8BB3-7A1973E702A1}.Release|Any CPU.ActiveCfg = Release|Any CPU
		{B22F4CCD-08F5-4AEB-8BB3-7A1973E702A1}.Release|Any CPU.Build.0 = Release|Any CPU
	EndGlobalSection
	GlobalSection(SolutionProperties) = preSolution
		HideSolutionNode = FALSE
	EndGlobalSection
	GlobalSection(ExtensibilityGlobals) = postSolution
		SolutionGuid = {83C57794-17FF-4199-9ADE-9320C4061209}
	EndGlobalSection
EndGlobal
